// !$*UTF8*$!
{
	archiveVersion = 1;
	classes = {
	};
	objectVersion = 51;
	objects = {

/* Begin PBXBuildFile section */
		B1198D592440B07C00C8877F /* AppDelegate.swift in Sources */ = {isa = PBXBuildFile; fileRef = B1198D582440B07C00C8877F /* AppDelegate.swift */; };
		B1198D5B2440B07C00C8877F /* SceneDelegate.swift in Sources */ = {isa = PBXBuildFile; fileRef = B1198D5A2440B07C00C8877F /* SceneDelegate.swift */; };
		B1198D5F2440B07D00C8877F /* Assets.xcassets in Resources */ = {isa = PBXBuildFile; fileRef = B1198D5E2440B07D00C8877F /* Assets.xcassets */; };
		B1198D622440B07D00C8877F /* Preview Assets.xcassets in Resources */ = {isa = PBXBuildFile; fileRef = B1198D612440B07D00C8877F /* Preview Assets.xcassets */; };
		B1198D652440B07D00C8877F /* LaunchScreen.storyboard in Resources */ = {isa = PBXBuildFile; fileRef = B1198D632440B07D00C8877F /* LaunchScreen.storyboard */; };
		B1198D6F2440B13700C8877F /* ContentView.swift in Sources */ = {isa = PBXBuildFile; fileRef = B1198D6E2440B13700C8877F /* ContentView.swift */; };
		B1198D722440B33800C8877F /* SignUpView.swift in Sources */ = {isa = PBXBuildFile; fileRef = B1198D712440B33800C8877F /* SignUpView.swift */; };
		B1198D742440B57300C8877F /* HomeView.swift in Sources */ = {isa = PBXBuildFile; fileRef = B1198D732440B57300C8877F /* HomeView.swift */; };
		B1B3B1BF2441BF8B008E0DCE /* FireViewModel.swift in Sources */ = {isa = PBXBuildFile; fileRef = B1B3B1BE2441BF8B008E0DCE /* FireViewModel.swift */; };
		B1B3B1C22441DBAD008E0DCE /* PostRowView.swift in Sources */ = {isa = PBXBuildFile; fileRef = B1B3B1C12441DBAD008E0DCE /* PostRowView.swift */; };
		B1B3B1C42441E1DD008E0DCE /* UserView.swift in Sources */ = {isa = PBXBuildFile; fileRef = B1B3B1C32441E1DD008E0DCE /* UserView.swift */; };
		B1B3B1C72441E608008E0DCE /* PostModel.swift in Sources */ = {isa = PBXBuildFile; fileRef = B1B3B1C62441E608008E0DCE /* PostModel.swift */; };
		B1FCDB542442243400F7102A /* GoogleService-Info.plist in Resources */ = {isa = PBXBuildFile; fileRef = B1FCDB532442243400F7102A /* GoogleService-Info.plist */; };
		DEAD4A5C7C8B11F10A6A9556 /* Pods_noodle_sns.framework in Frameworks */ = {isa = PBXBuildFile; fileRef = 16AEC91817E7D9A1D079C7CE /* Pods_noodle_sns.framework */; };
/* End PBXBuildFile section */

/* Begin PBXFileReference section */
		16AEC91817E7D9A1D079C7CE /* Pods_noodle_sns.framework */ = {isa = PBXFileReference; explicitFileType = wrapper.framework; includeInIndex = 0; path = Pods_noodle_sns.framework; sourceTree = BUILT_PRODUCTS_DIR; };
		2348C7BAC20F0CEF914BAE56 /* Pods-noodle_sns.release.xcconfig */ = {isa = PBXFileReference; includeInIndex = 1; lastKnownFileType = text.xcconfig; name = "Pods-noodle_sns.release.xcconfig"; path = "Target Support Files/Pods-noodle_sns/Pods-noodle_sns.release.xcconfig"; sourceTree = "<group>"; };
		4AE29D4808CD87D62356D11B /* Pods-noodle_sns.debug.xcconfig */ = {isa = PBXFileReference; includeInIndex = 1; lastKnownFileType = text.xcconfig; name = "Pods-noodle_sns.debug.xcconfig"; path = "Target Support Files/Pods-noodle_sns/Pods-noodle_sns.debug.xcconfig"; sourceTree = "<group>"; };
		B1198D552440B07C00C8877F /* noodle_sns.app */ = {isa = PBXFileReference; explicitFileType = wrapper.application; includeInIndex = 0; path = noodle_sns.app; sourceTree = BUILT_PRODUCTS_DIR; };
		B1198D582440B07C00C8877F /* AppDelegate.swift */ = {isa = PBXFileReference; lastKnownFileType = sourcecode.swift; path = AppDelegate.swift; sourceTree = "<group>"; };
		B1198D5A2440B07C00C8877F /* SceneDelegate.swift */ = {isa = PBXFileReference; lastKnownFileType = sourcecode.swift; path = SceneDelegate.swift; sourceTree = "<group>"; };
		B1198D5E2440B07D00C8877F /* Assets.xcassets */ = {isa = PBXFileReference; lastKnownFileType = folder.assetcatalog; path = Assets.xcassets; sourceTree = "<group>"; };
		B1198D612440B07D00C8877F /* Preview Assets.xcassets */ = {isa = PBXFileReference; lastKnownFileType = folder.assetcatalog; path = "Preview Assets.xcassets"; sourceTree = "<group>"; };
		B1198D642440B07D00C8877F /* Base */ = {isa = PBXFileReference; lastKnownFileType = file.storyboard; name = Base; path = Base.lproj/LaunchScreen.storyboard; sourceTree = "<group>"; };
		B1198D662440B07D00C8877F /* Info.plist */ = {isa = PBXFileReference; lastKnownFileType = text.plist.xml; path = Info.plist; sourceTree = "<group>"; };
		B1198D6E2440B13700C8877F /* ContentView.swift */ = {isa = PBXFileReference; lastKnownFileType = sourcecode.swift; path = ContentView.swift; sourceTree = "<group>"; };
		B1198D712440B33800C8877F /* SignUpView.swift */ = {isa = PBXFileReference; lastKnownFileType = sourcecode.swift; path = SignUpView.swift; sourceTree = "<group>"; };
		B1198D732440B57300C8877F /* HomeView.swift */ = {isa = PBXFileReference; lastKnownFileType = sourcecode.swift; path = HomeView.swift; sourceTree = "<group>"; };
		B1B3B1BE2441BF8B008E0DCE /* FireViewModel.swift */ = {isa = PBXFileReference; lastKnownFileType = sourcecode.swift; path = FireViewModel.swift; sourceTree = "<group>"; };
		B1B3B1C12441DBAD008E0DCE /* PostRowView.swift */ = {isa = PBXFileReference; lastKnownFileType = sourcecode.swift; path = PostRowView.swift; sourceTree = "<group>"; };
		B1B3B1C32441E1DD008E0DCE /* UserView.swift */ = {isa = PBXFileReference; lastKnownFileType = sourcecode.swift; path = UserView.swift; sourceTree = "<group>"; };
		B1B3B1C62441E608008E0DCE /* PostModel.swift */ = {isa = PBXFileReference; lastKnownFileType = sourcecode.swift; path = PostModel.swift; sourceTree = "<group>"; };
		B1FCDB532442243400F7102A /* GoogleService-Info.plist */ = {isa = PBXFileReference; lastKnownFileType = text.plist; name = "GoogleService-Info.plist"; path = "noodle_sns/GoogleService-Info.plist"; sourceTree = SOURCE_ROOT; };
/* End PBXFileReference section */

/* Begin PBXFrameworksBuildPhase section */
		B1198D522440B07C00C8877F /* Frameworks */ = {
			isa = PBXFrameworksBuildPhase;
			buildActionMask = 2147483647;
			files = (
				DEAD4A5C7C8B11F10A6A9556 /* Pods_noodle_sns.framework in Frameworks */,
			);
			runOnlyForDeploymentPostprocessing = 0;
		};
/* End PBXFrameworksBuildPhase section */

/* Begin PBXGroup section */
		3F63276B860DD464BBE1F16E /* Frameworks */ = {
			isa = PBXGroup;
			children = (
				16AEC91817E7D9A1D079C7CE /* Pods_noodle_sns.framework */,
			);
			name = Frameworks;
			sourceTree = "<group>";
		};
		6577DBCAD7E7875A98154699 /* Pods */ = {
			isa = PBXGroup;
			children = (
				4AE29D4808CD87D62356D11B /* Pods-noodle_sns.debug.xcconfig */,
				2348C7BAC20F0CEF914BAE56 /* Pods-noodle_sns.release.xcconfig */,
			);
			path = Pods;
			sourceTree = "<group>";
		};
		B1198D4C2440B07C00C8877F = {
			isa = PBXGroup;
			children = (
				B1198D572440B07C00C8877F /* noodle_sns */,
				B1198D562440B07C00C8877F /* Products */,
				6577DBCAD7E7875A98154699 /* Pods */,
				3F63276B860DD464BBE1F16E /* Frameworks */,
			);
			sourceTree = "<group>";
		};
		B1198D562440B07C00C8877F /* Products */ = {
			isa = PBXGroup;
			children = (
				B1198D552440B07C00C8877F /* noodle_sns.app */,
			);
			name = Products;
			sourceTree = "<group>";
		};
		B1198D572440B07C00C8877F /* noodle_sns */ = {
			isa = PBXGroup;
			children = (
				B1198D582440B07C00C8877F /* AppDelegate.swift */,
				B1198D5A2440B07C00C8877F /* SceneDelegate.swift */,
				B1B3B1C52441E5E9008E0DCE /* Model */,
				B1198D702440B15900C8877F /* view */,
				B1198D5E2440B07D00C8877F /* Assets.xcassets */,
				B1198D632440B07D00C8877F /* LaunchScreen.storyboard */,
				B1B3B1C02441BF92008E0DCE /* ViewModel */,
				B1198D662440B07D00C8877F /* Info.plist */,
				B1FCDB532442243400F7102A /* GoogleService-Info.plist */,
				B1198D602440B07D00C8877F /* Preview Content */,
			);
			path = noodle_sns;
			sourceTree = "<group>";
		};
		B1198D602440B07D00C8877F /* Preview Content */ = {
			isa = PBXGroup;
			children = (
				B1198D612440B07D00C8877F /* Preview Assets.xcassets */,
			);
			path = "Preview Content";
			sourceTree = "<group>";
		};
		B1198D702440B15900C8877F /* view */ = {
			isa = PBXGroup;
			children = (
				B1198D6E2440B13700C8877F /* ContentView.swift */,
				B1198D712440B33800C8877F /* SignUpView.swift */,
				B1198D732440B57300C8877F /* HomeView.swift */,
				B1B3B1C12441DBAD008E0DCE /* PostRowView.swift */,
				B1B3B1C32441E1DD008E0DCE /* UserView.swift */,
			);
			path = view;
			sourceTree = "<group>";
		};
		B1B3B1C02441BF92008E0DCE /* ViewModel */ = {
			isa = PBXGroup;
			children = (
				B1B3B1BE2441BF8B008E0DCE /* FireViewModel.swift */,
			);
			path = ViewModel;
			sourceTree = "<group>";
		};
		B1B3B1C52441E5E9008E0DCE /* Model */ = {
			isa = PBXGroup;
			children = (
				B1B3B1C62441E608008E0DCE /* PostModel.swift */,
			);
			path = Model;
			sourceTree = "<group>";
		};
/* End PBXGroup section */

/* Begin PBXNativeTarget section */
		B1198D542440B07C00C8877F /* noodle_sns */ = {
			isa = PBXNativeTarget;
			buildConfigurationList = B1198D692440B07D00C8877F /* Build configuration list for PBXNativeTarget "noodle_sns" */;
			buildPhases = (
				5A39D81A977D4844A53EBBD2 /* [CP] Check Pods Manifest.lock */,
				B1198D512440B07C00C8877F /* Sources */,
				B1198D522440B07C00C8877F /* Frameworks */,
				B1198D532440B07C00C8877F /* Resources */,
				64FD3E56CE2C9E0ED3D3758D /* [CP] Embed Pods Frameworks */,
			);
			buildRules = (
			);
			dependencies = (
			);
			name = noodle_sns;
			productName = noodle_sns;
			productReference = B1198D552440B07C00C8877F /* noodle_sns.app */;
			productType = "com.apple.product-type.application";
		};
/* End PBXNativeTarget section */

/* Begin PBXProject section */
		B1198D4D2440B07C00C8877F /* Project object */ = {
			isa = PBXProject;
			attributes = {
				LastSwiftUpdateCheck = 1140;
				LastUpgradeCheck = 1140;
				ORGANIZATIONNAME = "中岡黎";
				TargetAttributes = {
					B1198D542440B07C00C8877F = {
						CreatedOnToolsVersion = 11.4;
					};
				};
			};
			buildConfigurationList = B1198D502440B07C00C8877F /* Build configuration list for PBXProject "noodle_sns" */;
			compatibilityVersion = "Xcode 9.3";
			developmentRegion = en;
			hasScannedForEncodings = 0;
			knownRegions = (
				en,
				Base,
			);
			mainGroup = B1198D4C2440B07C00C8877F;
			productRefGroup = B1198D562440B07C00C8877F /* Products */;
			projectDirPath = "";
			projectRoot = "";
			targets = (
				B1198D542440B07C00C8877F /* noodle_sns */,
			);
		};
/* End PBXProject section */

/* Begin PBXResourcesBuildPhase section */
		B1198D532440B07C00C8877F /* Resources */ = {
			isa = PBXResourcesBuildPhase;
			buildActionMask = 2147483647;
			files = (
				B1198D652440B07D00C8877F /* LaunchScreen.storyboard in Resources */,
				B1FCDB542442243400F7102A /* GoogleService-Info.plist in Resources */,
				B1198D622440B07D00C8877F /* Preview Assets.xcassets in Resources */,
				B1198D5F2440B07D00C8877F /* Assets.xcassets in Resources */,
			);
			runOnlyForDeploymentPostprocessing = 0;
		};
/* End PBXResourcesBuildPhase section */

/* Begin PBXShellScriptBuildPhase section */
		5A39D81A977D4844A53EBBD2 /* [CP] Check Pods Manifest.lock */ = {
			isa = PBXShellScriptBuildPhase;
			buildActionMask = 2147483647;
			files = (
			);
			inputFileListPaths = (
			);
			inputPaths = (
				"${PODS_PODFILE_DIR_PATH}/Podfile.lock",
				"${PODS_ROOT}/Manifest.lock",
			);
			name = "[CP] Check Pods Manifest.lock";
			outputFileListPaths = (
			);
			outputPaths = (
				"$(DERIVED_FILE_DIR)/Pods-noodle_sns-checkManifestLockResult.txt",
			);
			runOnlyForDeploymentPostprocessing = 0;
			shellPath = /bin/sh;
			shellScript = "diff \"${PODS_PODFILE_DIR_PATH}/Podfile.lock\" \"${PODS_ROOT}/Manifest.lock\" > /dev/null\nif [ $? != 0 ] ; then\n    # print error to STDERR\n    echo \"error: The sandbox is not in sync with the Podfile.lock. Run 'pod install' or update your CocoaPods installation.\" >&2\n    exit 1\nfi\n# This output is used by Xcode 'outputs' to avoid re-running this script phase.\necho \"SUCCESS\" > \"${SCRIPT_OUTPUT_FILE_0}\"\n";
			showEnvVarsInLog = 0;
		};
		64FD3E56CE2C9E0ED3D3758D /* [CP] Embed Pods Frameworks */ = {
			isa = PBXShellScriptBuildPhase;
			buildActionMask = 2147483647;
			files = (
			);
			inputFileListPaths = (
				"${PODS_ROOT}/Target Support Files/Pods-noodle_sns/Pods-noodle_sns-frameworks-${CONFIGURATION}-input-files.xcfilelist",
			);
			name = "[CP] Embed Pods Frameworks";
			outputFileListPaths = (
				"${PODS_ROOT}/Target Support Files/Pods-noodle_sns/Pods-noodle_sns-frameworks-${CONFIGURATION}-output-files.xcfilelist",
			);
			runOnlyForDeploymentPostprocessing = 0;
			shellPath = /bin/sh;
			shellScript = "\"${PODS_ROOT}/Target Support Files/Pods-noodle_sns/Pods-noodle_sns-frameworks.sh\"\n";
			showEnvVarsInLog = 0;
		};
/* End PBXShellScriptBuildPhase section */

/* Begin PBXSourcesBuildPhase section */
		B1198D512440B07C00C8877F /* Sources */ = {
			isa = PBXSourcesBuildPhase;
			buildActionMask = 2147483647;
			files = (
				B1198D722440B33800C8877F /* SignUpView.swift in Sources */,
				B1B3B1C72441E608008E0DCE /* PostModel.swift in Sources */,
				B1198D592440B07C00C8877F /* AppDelegate.swift in Sources */,
				B1B3B1C22441DBAD008E0DCE /* PostRowView.swift in Sources */,
				B1B3B1C42441E1DD008E0DCE /* UserView.swift in Sources */,
				B1B3B1BF2441BF8B008E0DCE /* FireViewModel.swift in Sources */,
				B1198D5B2440B07C00C8877F /* SceneDelegate.swift in Sources */,
				B1198D742440B57300C8877F /* HomeView.swift in Sources */,
				B1198D6F2440B13700C8877F /* ContentView.swift in Sources */,
			);
			runOnlyForDeploymentPostprocessing = 0;
		};
/* End PBXSourcesBuildPhase section */

/* Begin PBXVariantGroup section */
		B1198D632440B07D00C8877F /* LaunchScreen.storyboard */ = {
			isa = PBXVariantGroup;
			children = (
				B1198D642440B07D00C8877F /* Base */,
			);
			name = LaunchScreen.storyboard;
			sourceTree = "<group>";
		};
/* End PBXVariantGroup section */

/* Begin XCBuildConfiguration section */
		B1198D672440B07D00C8877F /* Debug */ = {
			isa = XCBuildConfiguration;
			buildSettings = {
				ALWAYS_SEARCH_USER_PATHS = NO;
				CLANG_ANALYZER_NONNULL = YES;
				CLANG_ANALYZER_NUMBER_OBJECT_CONVERSION = YES_AGGRESSIVE;
				CLANG_CXX_LANGUAGE_STANDARD = "gnu++14";
				CLANG_CXX_LIBRARY = "libc++";
				CLANG_ENABLE_MODULES = YES;
				CLANG_ENABLE_OBJC_ARC = YES;
				CLANG_ENABLE_OBJC_WEAK = YES;
				CLANG_WARN_BLOCK_CAPTURE_AUTORELEASING = YES;
				CLANG_WARN_BOOL_CONVERSION = YES;
				CLANG_WARN_COMMA = YES;
				CLANG_WARN_CONSTANT_CONVERSION = YES;
				CLANG_WARN_DEPRECATED_OBJC_IMPLEMENTATIONS = YES;
				CLANG_WARN_DIRECT_OBJC_ISA_USAGE = YES_ERROR;
				CLANG_WARN_DOCUMENTATION_COMMENTS = YES;
				CLANG_WARN_EMPTY_BODY = YES;
				CLANG_WARN_ENUM_CONVERSION = YES;
				CLANG_WARN_INFINITE_RECURSION = YES;
				CLANG_WARN_INT_CONVERSION = YES;
				CLANG_WARN_NON_LITERAL_NULL_CONVERSION = YES;
				CLANG_WARN_OBJC_IMPLICIT_RETAIN_SELF = YES;
				CLANG_WARN_OBJC_LITERAL_CONVERSION = YES;
				CLANG_WARN_OBJC_ROOT_CLASS = YES_ERROR;
				CLANG_WARN_RANGE_LOOP_ANALYSIS = YES;
				CLANG_WARN_STRICT_PROTOTYPES = YES;
				CLANG_WARN_SUSPICIOUS_MOVE = YES;
				CLANG_WARN_UNGUARDED_AVAILABILITY = YES_AGGRESSIVE;
				CLANG_WARN_UNREACHABLE_CODE = YES;
				CLANG_WARN__DUPLICATE_METHOD_MATCH = YES;
				COPY_PHASE_STRIP = NO;
				DEBUG_INFORMATION_FORMAT = dwarf;
				ENABLE_STRICT_OBJC_MSGSEND = YES;
				ENABLE_TESTABILITY = YES;
				GCC_C_LANGUAGE_STANDARD = gnu11;
				GCC_DYNAMIC_NO_PIC = NO;
				GCC_NO_COMMON_BLOCKS = YES;
				GCC_OPTIMIZATION_LEVEL = 0;
				GCC_PREPROCESSOR_DEFINITIONS = (
					"DEBUG=1",
					"$(inherited)",
				);
				GCC_WARN_64_TO_32_BIT_CONVERSION = YES;
				GCC_WARN_ABOUT_RETURN_TYPE = YES_ERROR;
				GCC_WARN_UNDECLARED_SELECTOR = YES;
				GCC_WARN_UNINITIALIZED_AUTOS = YES_AGGRESSIVE;
				GCC_WARN_UNUSED_FUNCTION = YES;
				GCC_WARN_UNUSED_VARIABLE = YES;
				IPHONEOS_DEPLOYMENT_TARGET = 13.4;
				MTL_ENABLE_DEBUG_INFO = INCLUDE_SOURCE;
				MTL_FAST_MATH = YES;
				ONLY_ACTIVE_ARCH = YES;
				SDKROOT = iphoneos;
				SWIFT_ACTIVE_COMPILATION_CONDITIONS = DEBUG;
				SWIFT_OPTIMIZATION_LEVEL = "-Onone";
			};
			name = Debug;
		};
		B1198D682440B07D00C8877F /* Release */ = {
			isa = XCBuildConfiguration;
			buildSettings = {
				ALWAYS_SEARCH_USER_PATHS = NO;
				CLANG_ANALYZER_NONNULL = YES;
				CLANG_ANALYZER_NUMBER_OBJECT_CONVERSION = YES_AGGRESSIVE;
				CLANG_CXX_LANGUAGE_STANDARD = "gnu++14";
				CLANG_CXX_LIBRARY = "libc++";
				CLANG_ENABLE_MODULES = YES;
				CLANG_ENABLE_OBJC_ARC = YES;
				CLANG_ENABLE_OBJC_WEAK = YES;
				CLANG_WARN_BLOCK_CAPTURE_AUTORELEASING = YES;
				CLANG_WARN_BOOL_CONVERSION = YES;
				CLANG_WARN_COMMA = YES;
				CLANG_WARN_CONSTANT_CONVERSION = YES;
				CLANG_WARN_DEPRECATED_OBJC_IMPLEMENTATIONS = YES;
				CLANG_WARN_DIRECT_OBJC_ISA_USAGE = YES_ERROR;
				CLANG_WARN_DOCUMENTATION_COMMENTS = YES;
				CLANG_WARN_EMPTY_BODY = YES;
				CLANG_WARN_ENUM_CONVERSION = YES;
				CLANG_WARN_INFINITE_RECURSION = YES;
				CLANG_WARN_INT_CONVERSION = YES;
				CLANG_WARN_NON_LITERAL_NULL_CONVERSION = YES;
				CLANG_WARN_OBJC_IMPLICIT_RETAIN_SELF = YES;
				CLANG_WARN_OBJC_LITERAL_CONVERSION = YES;
				CLANG_WARN_OBJC_ROOT_CLASS = YES_ERROR;
				CLANG_WARN_RANGE_LOOP_ANALYSIS = YES;
				CLANG_WARN_STRICT_PROTOTYPES = YES;
				CLANG_WARN_SUSPICIOUS_MOVE = YES;
				CLANG_WARN_UNGUARDED_AVAILABILITY = YES_AGGRESSIVE;
				CLANG_WARN_UNREACHABLE_CODE = YES;
				CLANG_WARN__DUPLICATE_METHOD_MATCH = YES;
				COPY_PHASE_STRIP = NO;
				DEBUG_INFORMATION_FORMAT = "dwarf-with-dsym";
				ENABLE_NS_ASSERTIONS = NO;
				ENABLE_STRICT_OBJC_MSGSEND = YES;
				GCC_C_LANGUAGE_STANDARD = gnu11;
				GCC_NO_COMMON_BLOCKS = YES;
				GCC_WARN_64_TO_32_BIT_CONVERSION = YES;
				GCC_WARN_ABOUT_RETURN_TYPE = YES_ERROR;
				GCC_WARN_UNDECLARED_SELECTOR = YES;
				GCC_WARN_UNINITIALIZED_AUTOS = YES_AGGRESSIVE;
				GCC_WARN_UNUSED_FUNCTION = YES;
				GCC_WARN_UNUSED_VARIABLE = YES;
				IPHONEOS_DEPLOYMENT_TARGET = 13.4;
				MTL_ENABLE_DEBUG_INFO = NO;
				MTL_FAST_MATH = YES;
				SDKROOT = iphoneos;
				SWIFT_COMPILATION_MODE = wholemodule;
				SWIFT_OPTIMIZATION_LEVEL = "-O";
				VALIDATE_PRODUCT = YES;
			};
			name = Release;
		};
		B1198D6A2440B07D00C8877F /* Debug */ = {
			isa = XCBuildConfiguration;
			baseConfigurationReference = 4AE29D4808CD87D62356D11B /* Pods-noodle_sns.debug.xcconfig */;
			buildSettings = {
				ASSETCATALOG_COMPILER_APPICON_NAME = AppIcon;
				CODE_SIGN_STYLE = Automatic;
				DEVELOPMENT_ASSET_PATHS = "\"noodle_sns/Preview Content\"";
				DEVELOPMENT_TEAM = 7ZJJ7KR6WA;
				ENABLE_PREVIEWS = YES;
				INFOPLIST_FILE = noodle_sns/Info.plist;
				LD_RUNPATH_SEARCH_PATHS = (
					"$(inherited)",
					"@executable_path/Frameworks",
				);
				PRODUCT_BUNDLE_IDENTIFIER = "com.rei.nakaoka.noodle-sns";
				PRODUCT_NAME = "$(TARGET_NAME)";
				SWIFT_VERSION = 5.0;
				TARGETED_DEVICE_FAMILY = "1,2";
			};
			name = Debug;
		};
		B1198D6B2440B07D00C8877F /* Release */ = {
			isa = XCBuildConfiguration;
			baseConfigurationReference = 2348C7BAC20F0CEF914BAE56 /* Pods-noodle_sns.release.xcconfig */;
			buildSettings = {
				ASSETCATALOG_COMPILER_APPICON_NAME = AppIcon;
				CODE_SIGN_STYLE = Automatic;
				DEVELOPMENT_ASSET_PATHS = "\"noodle_sns/Preview Content\"";
				DEVELOPMENT_TEAM = 7ZJJ7KR6WA;
				ENABLE_PREVIEWS = YES;
				INFOPLIST_FILE = noodle_sns/Info.plist;
				LD_RUNPATH_SEARCH_PATHS = (
					"$(inherited)",
					"@executable_path/Frameworks",
				);
				PRODUCT_BUNDLE_IDENTIFIER = "com.rei.nakaoka.noodle-sns";
				PRODUCT_NAME = "$(TARGET_NAME)";
				SWIFT_VERSION = 5.0;
				TARGETED_DEVICE_FAMILY = "1,2";
			};
			name = Release;
		};
/* End XCBuildConfiguration section */

/* Begin XCConfigurationList section */
		B1198D502440B07C00C8877F /* Build configuration list for PBXProject "noodle_sns" */ = {
			isa = XCConfigurationList;
			buildConfigurations = (
				B1198D672440B07D00C8877F /* Debug */,
				B1198D682440B07D00C8877F /* Release */,
			);
			defaultConfigurationIsVisible = 0;
			defaultConfigurationName = Release;
		};
		B1198D692440B07D00C8877F /* Build configuration list for PBXNativeTarget "noodle_sns" */ = {
			isa = XCConfigurationList;
			buildConfigurations = (
				B1198D6A2440B07D00C8877F /* Debug */,
				B1198D6B2440B07D00C8877F /* Release */,
			);
			defaultConfigurationIsVisible = 0;
			defaultConfigurationName = Release;
		};
/* End XCConfigurationList section */
	};
	rootObject = B1198D4D2440B07C00C8877F /* Project object */;
}
